
Microsoft Visual Studio Solution File, Format Version 12.00
# Visual Studio Version 16
VisualStudioVersion = 16.0.31727.386
MinimumVisualStudioVersion = 10.0.40219.1
Project("{FAE04EC0-301F-11D3-BF4B-00C04F79EFBC}") = "Week4.Employee.Wcf", "Week4.Employee.Wcf\Week4.Employee.Wcf.csproj", "{FF8DAF8E-5197-4F54-BF3F-9896DC001C3B}"
EndProject
Project("{FAE04EC0-301F-11D3-BF4B-00C04F79EFBC}") = "Week4.Employee.Core", "Week4.Employee.Core\Week4.Employee.Core.csproj", "{C840A43F-B985-4F72-ACEC-4B4B66FF8A03}"
EndProject
Project("{FAE04EC0-301F-11D3-BF4B-00C04F79EFBC}") = "Week4.Employee.Mock", "Week4.Employee.Mock\Week4.Employee.Mock.csproj", "{5A5E5F63-EBC1-4A59-B7DB-EE86C9F55C33}"
EndProject
Project("{FAE04EC0-301F-11D3-BF4B-00C04F79EFBC}") = "Week4.Employee.EF", "Week4.Employee.EF\Week4.Employee.EF.csproj", "{5847AEF9-7E81-4C17-AC1F-7FB6BF54AB3D}"
EndProject
Project("{FAE04EC0-301F-11D3-BF4B-00C04F79EFBC}") = "Week4.Employee.Client", "Week4.Employee.Client\Week4.Employee.Client.csproj", "{07AD124F-E50D-4151-9683-729C5CF692DA}"
EndProject
Project("{2150E333-8FDC-42A3-9474-1A3956D46DE8}") = "Esecitazione", "Esecitazione", "{9FECB002-926B-4109-ABC3-9C3C84F6B72B}"
EndProject
Project("{FAE04EC0-301F-11D3-BF4B-00C04F79EFBC}") = "Week4.Library.Core", "Week4.Library.Core\Week4.Library.Core.csproj", "{82E7CE65-9790-4ABE-9AE9-DDB95C989E13}"
EndProject
Project("{2150E333-8FDC-42A3-9474-1A3956D46DE8}") = "Demo", "Demo", "{ED4A0EF7-5380-4579-8C87-325C913AF737}"
EndProject
Project("{FAE04EC0-301F-11D3-BF4B-00C04F79EFBC}") = "Week4.Library.EF", "Week4.Library.EF\Week4.Library.EF.csproj", "{ABF4B52A-75C0-44F5-9710-5514CCDDAB7A}"
EndProject
Project("{FAE04EC0-301F-11D3-BF4B-00C04F79EFBC}") = "Week4.Library.Wcf", "Week4.Library.Wcf\Week4.Library.Wcf.csproj", "{ADDA2424-1CB4-4ED9-B69E-A4DCF045DEB6}"
EndProject
Project("{FAE04EC0-301F-11D3-BF4B-00C04F79EFBC}") = "Week4.Employee.Wcf.Selfhost", "Week4.Employee.Wcf.Selfhost\Week4.Employee.Wcf.Selfhost.csproj", "{1F78D10B-B5F5-4D4A-A6C1-6AC1320B4304}"
EndProject
Project("{FAE04EC0-301F-11D3-BF4B-00C04F79EFBC}") = "Week4.Library.WcfSelfHost", "Week4.Library.WcfSelfHost\Week4.Library.WcfSelfHost.csproj", "{B4BCF94A-26EE-4DE7-90C7-27EB8FECDDA7}"
EndProject
Project("{FAE04EC0-301F-11D3-BF4B-00C04F79EFBC}") = "Week4.Library.WcfClient", "Week4.Library.WcfClient\Week4.Library.WcfClient.csproj", "{121732AD-CDA2-4F16-98F9-15806A473725}"
	ProjectSection(ProjectDependencies) = postProject
		{ADDA2424-1CB4-4ED9-B69E-A4DCF045DEB6} = {ADDA2424-1CB4-4ED9-B69E-A4DCF045DEB6}
	EndProjectSection
EndProject
Global
	GlobalSection(SolutionConfigurationPlatforms) = preSolution
		Debug|Any CPU = Debug|Any CPU
		Release|Any CPU = Release|Any CPU
	EndGlobalSection
	GlobalSection(ProjectConfigurationPlatforms) = postSolution
		{FF8DAF8E-5197-4F54-BF3F-9896DC001C3B}.Debug|Any CPU.ActiveCfg = Debug|Any CPU
		{FF8DAF8E-5197-4F54-BF3F-9896DC001C3B}.Debug|Any CPU.Build.0 = Debug|Any CPU
		{FF8DAF8E-5197-4F54-BF3F-9896DC001C3B}.Release|Any CPU.ActiveCfg = Release|Any CPU
		{FF8DAF8E-5197-4F54-BF3F-9896DC001C3B}.Release|Any CPU.Build.0 = Release|Any CPU
		{C840A43F-B985-4F72-ACEC-4B4B66FF8A03}.Debug|Any CPU.ActiveCfg = Debug|Any CPU
		{C840A43F-B985-4F72-ACEC-4B4B66FF8A03}.Debug|Any CPU.Build.0 = Debug|Any CPU
		{C840A43F-B985-4F72-ACEC-4B4B66FF8A03}.Release|Any CPU.ActiveCfg = Release|Any CPU
		{C840A43F-B985-4F72-ACEC-4B4B66FF8A03}.Release|Any CPU.Build.0 = Release|Any CPU
		{5A5E5F63-EBC1-4A59-B7DB-EE86C9F55C33}.Debug|Any CPU.ActiveCfg = Debug|Any CPU
		{5A5E5F63-EBC1-4A59-B7DB-EE86C9F55C33}.Debug|Any CPU.Build.0 = Debug|Any CPU
		{5A5E5F63-EBC1-4A59-B7DB-EE86C9F55C33}.Release|Any CPU.ActiveCfg = Release|Any CPU
		{5A5E5F63-EBC1-4A59-B7DB-EE86C9F55C33}.Release|Any CPU.Build.0 = Release|Any CPU
		{5847AEF9-7E81-4C17-AC1F-7FB6BF54AB3D}.Debug|Any CPU.ActiveCfg = Debug|Any CPU
		{5847AEF9-7E81-4C17-AC1F-7FB6BF54AB3D}.Debug|Any CPU.Build.0 = Debug|Any CPU
		{5847AEF9-7E81-4C17-AC1F-7FB6BF54AB3D}.Release|Any CPU.ActiveCfg = Release|Any CPU
		{5847AEF9-7E81-4C17-AC1F-7FB6BF54AB3D}.Release|Any CPU.Build.0 = Release|Any CPU
		{07AD124F-E50D-4151-9683-729C5CF692DA}.Debug|Any CPU.ActiveCfg = Debug|Any CPU
		{07AD124F-E50D-4151-9683-729C5CF692DA}.Debug|Any CPU.Build.0 = Debug|Any CPU
		{07AD124F-E50D-4151-9683-729C5CF692DA}.Release|Any CPU.ActiveCfg = Release|Any CPU
		{07AD124F-E50D-4151-9683-729C5CF692DA}.Release|Any CPU.Build.0 = Release|Any CPU
		{82E7CE65-9790-4ABE-9AE9-DDB95C989E13}.Debug|Any CPU.ActiveCfg = Debug|Any CPU
		{82E7CE65-9790-4ABE-9AE9-DDB95C989E13}.Debug|Any CPU.Build.0 = Debug|Any CPU
		{82E7CE65-9790-4ABE-9AE9-DDB95C989E13}.Release|Any CPU.ActiveCfg = Release|Any CPU
		{82E7CE65-9790-4ABE-9AE9-DDB95C989E13}.Release|Any CPU.Build.0 = Release|Any CPU
		{ABF4B52A-75C0-44F5-9710-5514CCDDAB7A}.Debug|Any CPU.ActiveCfg = Debug|Any CPU
		{ABF4B52A-75C0-44F5-9710-5514CCDDAB7A}.Debug|Any CPU.Build.0 = Debug|Any CPU
		{ABF4B52A-75C0-44F5-9710-5514CCDDAB7A}.Release|Any CPU.ActiveCfg = Release|Any CPU
		{ABF4B52A-75C0-44F5-9710-5514CCDDAB7A}.Release|Any CPU.Build.0 = Release|Any CPU
		{ADDA2424-1CB4-4ED9-B69E-A4DCF045DEB6}.Debug|Any CPU.ActiveCfg = Debug|Any CPU
		{ADDA2424-1CB4-4ED9-B69E-A4DCF045DEB6}.Debug|Any CPU.Build.0 = Debug|Any CPU
		{ADDA2424-1CB4-4ED9-B69E-A4DCF045DEB6}.Release|Any CPU.ActiveCfg = Release|Any CPU
		{ADDA2424-1CB4-4ED9-B69E-A4DCF045DEB6}.Release|Any CPU.Build.0 = Release|Any CPU
		{1F78D10B-B5F5-4D4A-A6C1-6AC1320B4304}.Debug|Any CPU.ActiveCfg = Debug|Any CPU
		{1F78D10B-B5F5-4D4A-A6C1-6AC1320B4304}.Debug|Any CPU.Build.0 = Debug|Any CPU
		{1F78D10B-B5F5-4D4A-A6C1-6AC1320B4304}.Release|Any CPU.ActiveCfg = Release|Any CPU
		{1F78D10B-B5F5-4D4A-A6C1-6AC1320B4304}.Release|Any CPU.Build.0 = Release|Any CPU
		{B4BCF94A-26EE-4DE7-90C7-27EB8FECDDA7}.Debug|Any CPU.ActiveCfg = Debug|Any CPU
		{B4BCF94A-26EE-4DE7-90C7-27EB8FECDDA7}.Debug|Any CPU.Build.0 = Debug|Any CPU
		{B4BCF94A-26EE-4DE7-90C7-27EB8FECDDA7}.Release|Any CPU.ActiveCfg = Release|Any CPU
		{B4BCF94A-26EE-4DE7-90C7-27EB8FECDDA7}.Release|Any CPU.Build.0 = Release|Any CPU
		{121732AD-CDA2-4F16-98F9-15806A473725}.Debug|Any CPU.ActiveCfg = Debug|Any CPU
		{121732AD-CDA2-4F16-98F9-15806A473725}.Debug|Any CPU.Build.0 = Debug|Any CPU
		{121732AD-CDA2-4F16-98F9-15806A473725}.Release|Any CPU.ActiveCfg = Release|Any CPU
		{121732AD-CDA2-4F16-98F9-15806A473725}.Release|Any CPU.Build.0 = Release|Any CPU
	EndGlobalSection
	GlobalSection(SolutionProperties) = preSolution
		HideSolutionNode = FALSE
	EndGlobalSection
	GlobalSection(NestedProjects) = preSolution
		{FF8DAF8E-5197-4F54-BF3F-9896DC001C3B} = {ED4A0EF7-5380-4579-8C87-325C913AF737}
		{C840A43F-B985-4F72-ACEC-4B4B66FF8A03} = {ED4A0EF7-5380-4579-8C87-325C913AF737}
		{5A5E5F63-EBC1-4A59-B7DB-EE86C9F55C33} = {ED4A0EF7-5380-4579-8C87-325C913AF737}
		{5847AEF9-7E81-4C17-AC1F-7FB6BF54AB3D} = {ED4A0EF7-5380-4579-8C87-325C913AF737}
		{07AD124F-E50D-4151-9683-729C5CF692DA} = {ED4A0EF7-5380-4579-8C87-325C913AF737}
		{82E7CE65-9790-4ABE-9AE9-DDB95C989E13} = {9FECB002-926B-4109-ABC3-9C3C84F6B72B}
		{ABF4B52A-75C0-44F5-9710-5514CCDDAB7A} = {9FECB002-926B-4109-ABC3-9C3C84F6B72B}
		{ADDA2424-1CB4-4ED9-B69E-A4DCF045DEB6} = {9FECB002-926B-4109-ABC3-9C3C84F6B72B}
		{1F78D10B-B5F5-4D4A-A6C1-6AC1320B4304} = {ED4A0EF7-5380-4579-8C87-325C913AF737}
		{B4BCF94A-26EE-4DE7-90C7-27EB8FECDDA7} = {9FECB002-926B-4109-ABC3-9C3C84F6B72B}
		{121732AD-CDA2-4F16-98F9-15806A473725} = {9FECB002-926B-4109-ABC3-9C3C84F6B72B}
	EndGlobalSection
	GlobalSection(ExtensibilityGlobals) = postSolution
		SolutionGuid = {91A3A415-C25F-4B11-BE7A-C1ECC8B5CFC8}
	EndGlobalSection
EndGlobal
